# THIS IS AN AUTOGENERATED FILE. DO NOT EDIT THIS FILE DIRECTLY.
# yarn lockfile v1


"@auth0/auth0-react@^1.0.0":
  version "1.0.0"
  resolved "https://registry.yarnpkg.com/@auth0/auth0-react/-/auth0-react-1.0.0.tgz#3eeced9557d54d4092032ecc071cd74052d09da7"
  integrity sha512-AaGftJFXYsJNEHZq/PNNr5HVSOQCVjstBF2pD3gAwOrgjKO7fYoeNgKKQOcTLm/ge5vAkEBGgSBzWBj2SgZ38w==
  dependencies:
    "@auth0/auth0-spa-js" "^1.9.0"

"@auth0/auth0-spa-js@^1.9.0":
  version "1.11.0"
  resolved "https://registry.yarnpkg.com/@auth0/auth0-spa-js/-/auth0-spa-js-1.11.0.tgz#800a59ddeaa11ad8a94a699c58f9971842ea065f"
  integrity sha512-PHYykO4IoEGeTT2SVzvZiJNK5QgznLJweJfVcb0C8X+rZYooBN5Qrdj0AfECzgK9h90kfU4u3s9h83VTSh6t3A==
  dependencies:
    abortcontroller-polyfill "^1.4.0"
    browser-tabs-lock "^1.2.8"
    core-js "^3.6.4"
    es-cookie "^1.3.2"
    fast-text-encoding "^1.0.1"
    promise-polyfill "^8.1.3"
    unfetch "^4.1.0"

abortcontroller-polyfill@^1.4.0:
  version "1.5.0"
  resolved "https://registry.yarnpkg.com/abortcontroller-polyfill/-/abortcontroller-polyfill-1.5.0.tgz#2c562f530869abbcf88d949a2b60d1d402e87a7c"
  integrity sha512-O6Xk757Jb4o0LMzMOMdWvxpHWrQzruYBaUruFaIOfAQRnWFxfdXYobw12jrVHGtoXk6WiiyYzc0QWN9aL62HQA==

browser-tabs-lock@^1.2.8:
  version "1.2.11"
  resolved "https://registry.yarnpkg.com/browser-tabs-lock/-/browser-tabs-lock-1.2.11.tgz#59d72c6653b827685b54fca1c0e6eb4aee08ef52"
  integrity sha512-R0xXMzQ8CU0v52zSFn3EDGIfsjteMFJ6oIhhZK6+Vhz5NYzSxCP2epLD9PN7e2HprQl2QTReFptwp6c9tdOF0g==
  dependencies:
    lodash ">=4.17.19"

core-js@^3.6.4:
  version "3.6.5"
  resolved "https://registry.yarnpkg.com/core-js/-/core-js-3.6.5.tgz#7395dc273af37fb2e50e9bd3d9fe841285231d1a"
  integrity sha512-vZVEEwZoIsI+vPEuoF9Iqf5H7/M3eeQqWlQnYa8FSKKePuYTf5MWnxb5SDAzCa60b3JBRS5g9b+Dq7b1y/RCrA==

es-cookie@^1.3.2:
  version "1.3.2"
  resolved "https://registry.yarnpkg.com/es-cookie/-/es-cookie-1.3.2.tgz#80e831597f72a25721701bdcb21d990319acd831"
  integrity sha512-UTlYYhXGLOy05P/vKVT2Ui7WtC7NiRzGtJyAKKn32g5Gvcjn7KAClLPWlipCtxIus934dFg9o9jXiBL0nP+t9Q==

fast-text-encoding@^1.0.1:
  version "1.0.3"
  resolved "https://registry.yarnpkg.com/fast-text-encoding/-/fast-text-encoding-1.0.3.tgz#ec02ac8e01ab8a319af182dae2681213cfe9ce53"
  integrity sha512-dtm4QZH9nZtcDt8qJiOH9fcQd1NAgi+K1O2DbE6GG1PPCK/BWfOH3idCTRQ4ImXRUOyopDEgDEnVEE7Y/2Wrig==

lodash@>=4.17.19:
  version "4.17.20"
  resolved "https://registry.yarnpkg.com/lodash/-/lodash-4.17.20.tgz#b44a9b6297bcb698f1c51a3545a2b3b368d59c52"
  integrity sha512-PlhdFcillOINfeV7Ni6oF1TAEayyZBoZ8bcshTHqOYJYlrqzRK5hagpagky5o4HfCzzd1TRkXPMFq6cKk9rGmA==

promise-polyfill@^8.1.3:
  version "8.1.3"
  resolved "https://registry.yarnpkg.com/promise-polyfill/-/promise-polyfill-8.1.3.tgz#8c99b3cf53f3a91c68226ffde7bde81d7f904116"
  integrity sha512-MG5r82wBzh7pSKDRa9y+vllNHz3e3d4CNj1PQE4BQYxLme0gKYYBm9YENq+UkEikyZ0XbiGWxYlVw3Rl9O/U8g==

unfetch@^4.1.0:
  version "4.1.0"
  resolved "https://registry.yarnpkg.com/unfetch/-/unfetch-4.1.0.tgz#6ec2dd0de887e58a4dee83a050ded80ffc4137db"
  integrity sha512-crP/n3eAPUJxZXM9T80/yv0YhkTEx2K1D3h7D1AJM6fzsWZrxdyRuLN0JH/dkZh1LNH8LxCnBzoPFCPbb2iGpg==
